
Microsoft Visual Studio Solution File, Format Version 12.00
# Visual Studio 14
VisualStudioVersion = 14.0.25420.1
MinimumVisualStudioVersion = 10.0.40219.1
Project("{8BC9CEB8-8B4A-11D0-8D11-00A0C91BC942}") = "DX3D", "DX3D\DX3D.vcxproj", "{113072A5-2AC8-4396-B7E4-30F7D4DA51E1}"
EndProject
Global
	GlobalSection(SolutionConfigurationPlatforms) = preSolution
		Debug|x86 = Debug|x86
		Release|x86 = Release|x86
	EndGlobalSection
	GlobalSection(ProjectConfigurationPlatforms) = postSolution
		{113072A5-2AC8-4396-B7E4-30F7D4DA51E1}.Debug|x86.ActiveCfg = Debug|Win32
		{113072A5-2AC8-4396-B7E4-30F7D4DA51E1}.Debug|x86.Build.0 = Debug|Win32
		{113072A5-2AC8-4396-B7E4-30F7D4DA51E1}.Release|x86.ActiveCfg = Release|Win32
		{113072A5-2AC8-4396-B7E4-30F7D4DA51E1}.Release|x86.Build.0 = Release|Win32
	EndGlobalSection
	GlobalSection(SolutionProperties) = preSolution
		HideSolutionNode = FALSE
	EndGlobalSection
EndGlobal
