<?xml version="1.0" encoding="utf-8"?>
<Project ToolsVersion="4.0" xmlns="http://schemas.microsoft.com/developer/msbuild/2003">
  <ItemGroup>
    <Filter Include="Source Files">
      <UniqueIdentifier>{4FC737F1-C7A5-4376-A066-2A32D752A2FF}</UniqueIdentifier>
      <Extensions>cpp;c;cc;cxx;def;odl;idl;hpj;bat;asm;asmx</Extensions>
    </Filter>
    <Filter Include="Header Files">
      <UniqueIdentifier>{93995380-89BD-4b04-88EB-625FBE52EBFB}</UniqueIdentifier>
      <Extensions>h;hh;hpp;hxx;hm;inl;inc;xsd</Extensions>
    </Filter>
    <Filter Include="Resource Files">
      <UniqueIdentifier>{67DA6AB6-F800-4c08-8B7A-83BB121AAD01}</UniqueIdentifier>
      <Extensions>rc;ico;cur;bmp;dlg;rc2;rct;bin;rgs;gif;jpg;jpeg;jpe;resx;tiff;tif;png;wav;mfcribbon-ms</Extensions>
    </Filter>
  </ItemGroup>
  <ItemGroup>
    <Text Include="ReadMe.txt" />
  </ItemGroup>
  <ItemGroup>
    <ClInclude Include="stdafx.h">
      <Filter>Header Files</Filter>
    </ClInclude>
    <ClInclude Include="targetver.h">
      <Filter>Header Files</Filter>
    </ClInclude>
  </ItemGroup>
  <ItemGroup>
    <ClCompile Include="stdafx.cpp">
      <Filter>Source Files</Filter>
    </ClCompile>
    <ClCompile Include="ConsolProj.cpp">
      <Filter>Source Files</Filter>
    </ClCompile>
    <ClCompile Include="C_66p_gets01.cpp">
      <Filter>Source Files</Filter>
    </ClCompile>
    <ClCompile Include="C_75p_charint01.cpp">
      <Filter>Source Files</Filter>
    </ClCompile>
    <ClCompile Include="C_80p_format01.cpp">
      <Filter>Source Files</Filter>
    </ClCompile>
    <ClCompile Include="C_78_longlongint01.cpp">
      <Filter>Source Files</Filter>
    </ClCompile>
    <ClCompile Include="C_62p_getch01.cpp">
      <Filter>Source Files</Filter>
    </ClCompile>
    <ClCompile Include="C_59_getchar01.cpp">
      <Filter>Source Files</Filter>
    </ClCompile>
    <ClCompile Include="C_82p_floatprint.cpp">
      <Filter>Source Files</Filter>
    </ClCompile>
    <ClCompile Include="C_83p_floatacc01.cpp">
      <Filter>Source Files</Filter>
    </ClCompile>
    <ClCompile Include="C_84p_floatformat01.cpp">
      <Filter>Source Files</Filter>
    </ClCompile>
    <ClCompile Include="C_87p_scanfint01.cpp">
      <Filter>Source Files</Filter>
    </ClCompile>
    <ClCompile Include="C_89p_ex03-01.cpp">
      <Filter>Source Files</Filter>
    </ClCompile>
    <ClCompile Include="C_93p_scanfsepint01.cpp">
      <Filter>Source Files</Filter>
    </ClCompile>
    <ClCompile Include="C_95p_scanfstring01.cpp">
      <Filter>Source Files</Filter>
    </ClCompile>
    <ClCompile Include="C_96p_scanfstring02.cpp">
      <Filter>Source Files</Filter>
    </ClCompile>
    <ClCompile Include="C_99p_scanfage02.cpp">
      <Filter>Source Files</Filter>
    </ClCompile>
    <ClCompile Include="C_105p_ex01.cpp">
      <Filter>Source Files</Filter>
    </ClCompile>
    <ClCompile Include="C_112p_TypePromotion.cpp">
      <Filter>Source Files</Filter>
    </ClCompile>
    <ClCompile Include="C_114p_opdoubleeint02.cpp">
      <Filter>Source Files</Filter>
    </ClCompile>
    <ClCompile Include="C_117p_ex04-01.cpp">
      <Filter>Source Files</Filter>
    </ClCompile>
    <ClCompile Include="C_118p_operator04.cpp">
      <Filter>Source Files</Filter>
    </ClCompile>
    <ClCompile Include="C_119p_ex04-02.cpp">
      <Filter>Source Files</Filter>
    </ClCompile>
    <ClCompile Include="C_123p_opswap1.cpp">
      <Filter>Source Files</Filter>
    </ClCompile>
    <ClCompile Include="C_126p_opcomassign01.cpp">
      <Filter>Source Files</Filter>
    </ClCompile>
    <ClCompile Include="C_129p_ex.cpp">
      <Filter>Source Files</Filter>
    </ClCompile>
    <ClCompile Include="C_131p_opcast01.cpp">
      <Filter>Source Files</Filter>
    </ClCompile>
    <ClCompile Include="C_133p_opinc01.cpp">
      <Filter>Source Files</Filter>
    </ClCompile>
    <ClCompile Include="C_135p_opinc.cpp">
      <Filter>Source Files</Filter>
    </ClCompile>
    <ClCompile Include="C_137p_opbit01.cpp">
      <Filter>Source Files</Filter>
    </ClCompile>
    <ClCompile Include="C_149p_opsizeof01.cpp">
      <Filter>Source Files</Filter>
    </ClCompile>
    <ClCompile Include="C_150p_exShift.cpp">
      <Filter>Source Files</Filter>
    </ClCompile>
    <ClCompile Include="C_152p_oprelational01.cpp">
      <Filter>Source Files</Filter>
    </ClCompile>
    <ClCompile Include="C_153p_oprelintfloat01.cpp">
      <Filter>Source Files</Filter>
    </ClCompile>
    <ClCompile Include="C_159p_oplogicalnot01.cpp">
      <Filter>Source Files</Filter>
    </ClCompile>
    <ClCompile Include="C_155p_oplogical01.cpp">
      <Filter>Source Files</Filter>
    </ClCompile>
    <ClCompile Include="C_163p_opcondi01.cpp">
      <Filter>Source Files</Filter>
    </ClCompile>
    <ClCompile Include="C_164p_opcondierror01.cpp">
      <Filter>Source Files</Filter>
    </ClCompile>
    <ClCompile Include="C_157p_oplogical02.cpp">
      <Filter>Source Files</Filter>
    </ClCompile>
    <ClCompile Include="C_136p_opnc_ec.cpp">
      <Filter>Source Files</Filter>
    </ClCompile>
    <ClCompile Include="C_166p_ex.cpp">
      <Filter>Source Files</Filter>
    </ClCompile>
    <ClCompile Include="C_168p_ex.cpp">
      <Filter>Source Files</Filter>
    </ClCompile>
    <ClCompile Include="C_171_ex05-01.cpp">
      <Filter>Source Files</Filter>
    </ClCompile>
    <ClCompile Include="C_ex_lifeSmoking.cpp">
      <Filter>Source Files</Filter>
    </ClCompile>
    <ClCompile Include="C_183p_ctrlbrach01.cpp">
      <Filter>Source Files</Filter>
    </ClCompile>
    <ClCompile Include="C_185p_ex_idenNumber.cpp">
      <Filter>Source Files</Filter>
    </ClCompile>
    <ClCompile Include="C_186p_ex06-01.cpp">
      <Filter>Source Files</Filter>
    </ClCompile>
    <ClCompile Include="C_187p_ex06-02.cpp">
      <Filter>Source Files</Filter>
    </ClCompile>
    <ClCompile Include="C_191p_ctrlfelse01.cpp">
      <Filter>Source Files</Filter>
    </ClCompile>
    <ClCompile Include="C_191p_ex_ifElse.cpp">
      <Filter>Source Files</Filter>
    </ClCompile>
    <ClCompile Include="C_191p_ex_ifElse_02.cpp">
      <Filter>Source Files</Filter>
    </ClCompile>
    <ClCompile Include="C_204p_ex.cpp">
      <Filter>Source Files</Filter>
    </ClCompile>
    <ClCompile Include="C_206p_ctrlswitchcase01.cpp">
      <Filter>Source Files</Filter>
    </ClCompile>
    <ClCompile Include="C_210p_ctrlgoto01.cpp">
      <Filter>Source Files</Filter>
    </ClCompile>
    <ClCompile Include="C_339P_funcdesign03.cpp">
      <Filter>Source Files</Filter>
    </ClCompile>
    <ClCompile Include="ex_function.cpp">
      <Filter>Source Files</Filter>
    </ClCompile>
    <ClCompile Include="C_347pex10-01_.cpp">
      <Filter>Source Files</Filter>
    </ClCompile>
    <ClCompile Include="C_355p_codedevgood01.cpp">
      <Filter>Source Files</Filter>
    </ClCompile>
    <ClCompile Include="C_357p_idsearch.cpp">
      <Filter>Source Files</Filter>
    </ClCompile>
    <ClCompile Include="C_364p_ex03.cpp">
      <Filter>Source Files</Filter>
    </ClCompile>
    <ClCompile Include="ex_absolute .cpp">
      <Filter>Source Files</Filter>
    </ClCompile>
    <ClCompile Include="C_exDal.cpp">
      <Filter>Source Files</Filter>
    </ClCompile>
    <ClCompile Include="C_ex_matrixNewSum.cpp">
      <Filter>Source Files</Filter>
    </ClCompile>
    <ClCompile Include="C_ex_matrix2.cpp">
      <Filter>Source Files</Filter>
    </ClCompile>
    <ClCompile Include="C_ex_factorial.cpp">
      <Filter>Source Files</Filter>
    </ClCompile>
    <ClCompile Include="C_ex_9x9Dan.cpp">
      <Filter>Source Files</Filter>
    </ClCompile>
    <ClCompile Include="C_241p_ex07-05.cpp">
      <Filter>Source Files</Filter>
    </ClCompile>
    <ClCompile Include="C_241p_ex07-06.cpp">
      <Filter>Source Files</Filter>
    </ClCompile>
    <ClCompile Include="C_ex_Rhombus.cpp">
      <Filter>Source Files</Filter>
    </ClCompile>
    <ClCompile Include="C_219p_ex03.cpp">
      <Filter>Source Files</Filter>
    </ClCompile>
    <ClCompile Include="C_225p_07-01.cpp">
      <Filter>Source Files</Filter>
    </ClCompile>
    <ClCompile Include="C_232p_ctrlnestedloop01.cpp">
      <Filter>Source Files</Filter>
    </ClCompile>
    <ClCompile Include="C_ex_3Drainage.cpp">
      <Filter>Source Files</Filter>
    </ClCompile>
    <ClCompile Include="C_ex_while.cpp">
      <Filter>Source Files</Filter>
    </ClCompile>
    <ClCompile Include="C_ex_whileAverage.cpp">
      <Filter>Source Files</Filter>
    </ClCompile>
    <ClCompile Include="C_234p_ex07-02.cpp">
      <Filter>Source Files</Filter>
    </ClCompile>
    <ClCompile Include="C_237p_ex07-03.cpp">
      <Filter>Source Files</Filter>
    </ClCompile>
    <ClCompile Include="C_ex_betweenSum.cpp">
      <Filter>Source Files</Filter>
    </ClCompile>
    <ClCompile Include="C_237p_ex07-04.cpp">
      <Filter>Source Files</Filter>
    </ClCompile>
    <ClCompile Include="C_243_ctrlDoWhile.cpp">
      <Filter>Source Files</Filter>
    </ClCompile>
    <ClCompile Include="C_244p_ctrlbreak.cpp">
      <Filter>Source Files</Filter>
    </ClCompile>
    <ClCompile Include="C_exBreakContinue.cpp">
      <Filter>Source Files</Filter>
    </ClCompile>
    <ClCompile Include="C_sumAZZA.cpp">
      <Filter>Source Files</Filter>
    </ClCompile>
    <ClCompile Include="C_265p_array01.cpp">
      <Filter>Source Files</Filter>
    </ClCompile>
    <ClCompile Include="C_270p_arraycpy01.cpp">
      <Filter>Source Files</Filter>
    </ClCompile>
    <ClCompile Include="C_272p_ex08-01.cpp">
      <Filter>Source Files</Filter>
    </ClCompile>
    <ClCompile Include="C_364p_ex3.cpp">
      <Filter>Source Files</Filter>
    </ClCompile>
    <ClCompile Include="C_273p_minimum.cpp">
      <Filter>Source Files</Filter>
    </ClCompile>
    <ClCompile Include="C_ex_maxMinSum.cpp">
      <Filter>Source Files</Filter>
    </ClCompile>
    <ClCompile Include="C_275p_arraystring.cpp">
      <Filter>Source Files</Filter>
    </ClCompile>
    <ClCompile Include="C_277p_arraystring02.cpp">
      <Filter>Source Files</Filter>
    </ClCompile>
    <ClCompile Include="C_ex_neonsign.cpp">
      <Filter>Source Files</Filter>
    </ClCompile>
    <ClCompile Include="C_279parrray04.cpp">
      <Filter>Source Files</Filter>
    </ClCompile>
    <ClCompile Include="C_281p_arraycounter01.cpp">
      <Filter>Source Files</Filter>
    </ClCompile>
    <ClCompile Include="C_282p_ex08-03.cpp">
      <Filter>Source Files</Filter>
    </ClCompile>
    <ClCompile Include="C_ex_Rotation90.cpp">
      <Filter>Source Files</Filter>
    </ClCompile>
    <ClCompile Include="C_ex_want9x9Dan.cpp">
      <Filter>Source Files</Filter>
    </ClCompile>
    <ClCompile Include="C_ex_starX.cpp">
      <Filter>Source Files</Filter>
    </ClCompile>
    <ClCompile Include="C_301p_ex09-01.cpp">
      <Filter>Source Files</Filter>
    </ClCompile>
    <ClCompile Include="C_303p ex09-02.cpp">
      <Filter>Source Files</Filter>
    </ClCompile>
    <ClCompile Include="C_306p_ex09-03.cpp">
      <Filter>Source Files</Filter>
    </ClCompile>
    <ClCompile Include="C_ex_zigzag.cpp">
      <Filter>Source Files</Filter>
    </ClCompile>
    <ClCompile Include="C_314p_ex09-04.cpp">
      <Filter>Source Files</Filter>
    </ClCompile>
    <ClCompile Include="C_exColRowSum.cpp">
      <Filter>Source Files</Filter>
    </ClCompile>
    <ClCompile Include="C_377_ptrnarry01.cpp">
      <Filter>Source Files</Filter>
    </ClCompile>
    <ClCompile Include="C_379p_ptrstring01.cpp">
      <Filter>Source Files</Filter>
    </ClCompile>
    <ClCompile Include="C_382p_ptrstring02.cpp">
      <Filter>Source Files</Filter>
    </ClCompile>
    <ClCompile Include="C_385p_ptrmalloc01.cpp">
      <Filter>Source Files</Filter>
    </ClCompile>
    <ClCompile Include="C_387_ptrmeminit01.cpp">
      <Filter>Source Files</Filter>
    </ClCompile>
    <ClCompile Include="C_ex_memoryinit.cpp">
      <Filter>Source Files</Filter>
    </ClCompile>
    <ClCompile Include="C_392p_ptrmemcpy01.cpp">
      <Filter>Source Files</Filter>
    </ClCompile>
    <ClCompile Include="C_395p_ex11-01.cpp">
      <Filter>Source Files</Filter>
    </ClCompile>
    <ClCompile Include="C_ex_memoryInit02.cpp">
      <Filter>Source Files</Filter>
    </ClCompile>
    <ClCompile Include="C_396pptrmemcmp01.cpp">
      <Filter>Source Files</Filter>
    </ClCompile>
    <ClCompile Include="C_399p_ptrstrcmp01.cpp">
      <Filter>Source Files</Filter>
    </ClCompile>
    <ClCompile Include="C_400p_ptrstrcmp02.cpp">
      <Filter>Source Files</Filter>
    </ClCompile>
    <ClCompile Include="C_402p_ptrsearch01.cpp">
      <Filter>Source Files</Filter>
    </ClCompile>
    <ClCompile Include="C_404p_ptrnarray.cpp">
      <Filter>Source Files</Filter>
    </ClCompile>
    <ClCompile Include="C_406p_ex11-02.cpp">
      <Filter>Source Files</Filter>
    </ClCompile>
    <ClCompile Include="C_408p_ptrrealloc01.cpp">
      <Filter>Source Files</Filter>
    </ClCompile>
    <ClCompile Include="C_ex_neonsignPointer.cpp">
      <Filter>Source Files</Filter>
    </ClCompile>
    <ClCompile Include="C_ex_memoryAlignment.cpp">
      <Filter>Source Files</Filter>
    </ClCompile>
    <ClCompile Include="C_414p_arrayofptr01.cpp">
      <Filter>Source Files</Filter>
    </ClCompile>
    <ClCompile Include="C_418p_arrayofptr02.cpp">
      <Filter>Source Files</Filter>
    </ClCompile>
    <ClCompile Include="C_ex_pointerArrayArg.cpp">
      <Filter>Source Files</Filter>
    </ClCompile>
    <ClCompile Include="C_423p_ArrayPointer.cpp">
      <Filter>Source Files</Filter>
    </ClCompile>
    <ClCompile Include="C_437p_ex02.cpp">
      <Filter>Source Files</Filter>
    </ClCompile>
    <ClCompile Include="C_437p_ex04.cpp">
      <Filter>Source Files</Filter>
    </ClCompile>
    <ClCompile Include="C_438p_ex06.cpp">
      <Filter>Source Files</Filter>
    </ClCompile>
    <ClCompile Include="C_442p_codedevgood01.cpp">
      <Filter>Source Files</Filter>
    </ClCompile>
    <ClCompile Include="C_450p_funcstrlen01.cpp">
      <Filter>Source Files</Filter>
    </ClCompile>
    <ClCompile Include="C_452p_ex12-01.cpp">
      <Filter>Source Files</Filter>
    </ClCompile>
    <ClCompile Include="C_453p_badfunction01.cpp">
      <Filter>Source Files</Filter>
    </ClCompile>
    <ClCompile Include="C_477p_funcrestring01.cpp">
      <Filter>Source Files</Filter>
    </ClCompile>
    <ClCompile Include="C_481p_test.cpp">
      <Filter>Source Files</Filter>
    </ClCompile>
    <ClCompile Include="C_483p_funcstrcat01.cpp">
      <Filter>Source Files</Filter>
    </ClCompile>
    <ClCompile Include="C_487p_funcstrcat04.cpp">
      <Filter>Source Files</Filter>
    </ClCompile>
    <ClCompile Include="C_490p_funcstrpbrk01.cpp">
      <Filter>Source Files</Filter>
    </ClCompile>
  </ItemGroup>
</Project>