<?xml version="1.0" encoding="utf-8"?>
<Project ToolsVersion="4.0" xmlns="http://schemas.microsoft.com/developer/msbuild/2003">
  <ItemGroup>
    <Filter Include="소스 파일">
      <UniqueIdentifier>{4FC737F1-C7A5-4376-A066-2A32D752A2FF}</UniqueIdentifier>
      <Extensions>cpp;c;cc;cxx;def;odl;idl;hpj;bat;asm;asmx</Extensions>
    </Filter>
    <Filter Include="헤더 파일">
      <UniqueIdentifier>{93995380-89BD-4b04-88EB-625FBE52EBFB}</UniqueIdentifier>
      <Extensions>h;hh;hpp;hxx;hm;inl;inc;xsd</Extensions>
    </Filter>
    <Filter Include="리소스 파일">
      <UniqueIdentifier>{67DA6AB6-F800-4c08-8B7A-83BB121AAD01}</UniqueIdentifier>
      <Extensions>rc;ico;cur;bmp;dlg;rc2;rct;bin;rgs;gif;jpg;jpeg;jpe;resx;tiff;tif;png;wav;mfcribbon-ms</Extensions>
    </Filter>
    <Filter Include="CubeMan">
      <UniqueIdentifier>{86f12a6e-7b47-44cf-95b7-f7f243a2a4cf}</UniqueIdentifier>
    </Filter>
    <Filter Include="ObjLoader">
      <UniqueIdentifier>{71b537ce-30b0-4c65-8bd6-59aed445a27d}</UniqueIdentifier>
    </Filter>
    <Filter Include="Map">
      <UniqueIdentifier>{d4473d7d-ad0f-4694-b573-5bc626d71130}</UniqueIdentifier>
    </Filter>
    <Filter Include="ASELoader">
      <UniqueIdentifier>{451a3b9b-659e-45e3-abbb-a895c7a986eb}</UniqueIdentifier>
    </Filter>
    <Filter Include="Picking">
      <UniqueIdentifier>{20756dd9-b858-47c9-bdde-27a215be97bf}</UniqueIdentifier>
    </Filter>
    <Filter Include="HeightMap">
      <UniqueIdentifier>{0b3bef7e-16bf-450f-a7a4-2458ded9ed76}</UniqueIdentifier>
    </Filter>
    <Filter Include="SkinedMesh">
      <UniqueIdentifier>{11c292e9-2ccd-4e63-9719-57340bed0d3d}</UniqueIdentifier>
    </Filter>
    <Filter Include="FrusterCulling">
      <UniqueIdentifier>{1f4e1007-2284-45e1-804e-ecec2b7b2a8b}</UniqueIdentifier>
    </Filter>
    <Filter Include="OBB">
      <UniqueIdentifier>{b7d912d9-b179-486d-8395-bfcb6ce7bb57}</UniqueIdentifier>
    </Filter>
    <Filter Include="UI">
      <UniqueIdentifier>{c1d07876-7634-40dd-a3a0-5b0170320ff4}</UniqueIdentifier>
    </Filter>
    <Filter Include="PopUp">
      <UniqueIdentifier>{538328c5-3c90-4f35-b486-47b227df0dd9}</UniqueIdentifier>
    </Filter>
  </ItemGroup>
  <ItemGroup>
    <Text Include="ReadMe.txt" />
  </ItemGroup>
  <ItemGroup>
    <ClInclude Include="stdafx.h">
      <Filter>헤더 파일</Filter>
    </ClInclude>
    <ClInclude Include="targetver.h">
      <Filter>헤더 파일</Filter>
    </ClInclude>
    <ClInclude Include="Resource.h">
      <Filter>헤더 파일</Filter>
    </ClInclude>
    <ClInclude Include="DX3D.h">
      <Filter>헤더 파일</Filter>
    </ClInclude>
    <ClInclude Include="cDeviceManage.h">
      <Filter>헤더 파일</Filter>
    </ClInclude>
    <ClInclude Include="cCubePC.h">
      <Filter>헤더 파일</Filter>
    </ClInclude>
    <ClInclude Include="cCamera.h">
      <Filter>헤더 파일</Filter>
    </ClInclude>
    <ClInclude Include="cGrid.h">
      <Filter>헤더 파일</Filter>
    </ClInclude>
    <ClInclude Include="cPyramid.h">
      <Filter>헤더 파일</Filter>
    </ClInclude>
    <ClInclude Include="cCubePNT.h">
      <Filter>헤더 파일</Filter>
    </ClInclude>
    <ClInclude Include="cCubeNode.h">
      <Filter>헤더 파일</Filter>
    </ClInclude>
    <ClInclude Include="cRightArm.h">
      <Filter>CubeMan</Filter>
    </ClInclude>
    <ClInclude Include="cRightLeg.h">
      <Filter>CubeMan</Filter>
    </ClInclude>
    <ClInclude Include="cLeftLeg.h">
      <Filter>CubeMan</Filter>
    </ClInclude>
    <ClInclude Include="cLeftArm.h">
      <Filter>CubeMan</Filter>
    </ClInclude>
    <ClInclude Include="cHead.h">
      <Filter>CubeMan</Filter>
    </ClInclude>
    <ClInclude Include="cBody.h">
      <Filter>CubeMan</Filter>
    </ClInclude>
    <ClInclude Include="cCharacter.h">
      <Filter>헤더 파일</Filter>
    </ClInclude>
    <ClInclude Include="cCubeMan.h">
      <Filter>헤더 파일</Filter>
    </ClInclude>
    <ClInclude Include="cLight.h">
      <Filter>헤더 파일</Filter>
    </ClInclude>
    <ClInclude Include="cObjLoad.h">
      <Filter>ObjLoader</Filter>
    </ClInclude>
    <ClInclude Include="cGroup.h">
      <Filter>ObjLoader</Filter>
    </ClInclude>
    <ClInclude Include="cObjectManager.h">
      <Filter>ObjLoader</Filter>
    </ClInclude>
    <ClInclude Include="cTextureManager.h">
      <Filter>ObjLoader</Filter>
    </ClInclude>
    <ClInclude Include="cMtlTex.h">
      <Filter>ObjLoader</Filter>
    </ClInclude>
    <ClInclude Include="cObject.h">
      <Filter>ObjLoader</Filter>
    </ClInclude>
    <ClInclude Include="iMap.h">
      <Filter>Map</Filter>
    </ClInclude>
    <ClInclude Include="cObjMap.h">
      <Filter>Map</Filter>
    </ClInclude>
    <ClInclude Include="Asciitok.h">
      <Filter>ASELoader</Filter>
    </ClInclude>
    <ClInclude Include="cAseLoader.h">
      <Filter>ASELoader</Filter>
    </ClInclude>
    <ClInclude Include="cFrame.h">
      <Filter>ASELoader</Filter>
    </ClInclude>
    <ClInclude Include="cRay.h">
      <Filter>Picking</Filter>
    </ClInclude>
    <ClInclude Include="cHeightMap.h">
      <Filter>HeightMap</Filter>
    </ClInclude>
    <ClInclude Include="cTimerManager.h">
      <Filter>SkinedMesh</Filter>
    </ClInclude>
    <ClInclude Include="cAllocateHierarchy.h">
      <Filter>SkinedMesh</Filter>
    </ClInclude>
    <ClInclude Include="cSkinnedMesh.h">
      <Filter>SkinedMesh</Filter>
    </ClInclude>
    <ClInclude Include="cFrustum.h">
      <Filter>FrusterCulling</Filter>
    </ClInclude>
    <ClInclude Include="cOBB.h">
      <Filter>OBB</Filter>
    </ClInclude>
    <ClInclude Include="cZealot.h">
      <Filter>OBB</Filter>
    </ClInclude>
    <ClInclude Include="cSkinnedMeshManager.h">
      <Filter>헤더 파일</Filter>
    </ClInclude>
    <ClInclude Include="cMainGame.h">
      <Filter>UI</Filter>
    </ClInclude>
    <ClInclude Include="cFontManager.h">
      <Filter>헤더 파일</Filter>
    </ClInclude>
    <ClInclude Include="cPopup.h">
      <Filter>PopUp</Filter>
    </ClInclude>
    <ClInclude Include="cButton.h">
      <Filter>헤더 파일</Filter>
    </ClInclude>
  </ItemGroup>
  <ItemGroup>
    <ClCompile Include="stdafx.cpp">
      <Filter>소스 파일</Filter>
    </ClCompile>
    <ClCompile Include="DX3D.cpp">
      <Filter>소스 파일</Filter>
    </ClCompile>
    <ClCompile Include="cDeviceManage.cpp">
      <Filter>소스 파일</Filter>
    </ClCompile>
    <ClCompile Include="cCubePC.cpp">
      <Filter>소스 파일</Filter>
    </ClCompile>
    <ClCompile Include="cCamera.cpp">
      <Filter>소스 파일</Filter>
    </ClCompile>
    <ClCompile Include="cGrid.cpp">
      <Filter>소스 파일</Filter>
    </ClCompile>
    <ClCompile Include="cPyramid.cpp">
      <Filter>소스 파일</Filter>
    </ClCompile>
    <ClCompile Include="cCubePNT.cpp">
      <Filter>소스 파일</Filter>
    </ClCompile>
    <ClCompile Include="cCubeNode.cpp">
      <Filter>소스 파일</Filter>
    </ClCompile>
    <ClCompile Include="cBody.cpp">
      <Filter>CubeMan</Filter>
    </ClCompile>
    <ClCompile Include="cHead.cpp">
      <Filter>CubeMan</Filter>
    </ClCompile>
    <ClCompile Include="cLeftArm.cpp">
      <Filter>CubeMan</Filter>
    </ClCompile>
    <ClCompile Include="cLeftLeg.cpp">
      <Filter>CubeMan</Filter>
    </ClCompile>
    <ClCompile Include="cRightArm.cpp">
      <Filter>CubeMan</Filter>
    </ClCompile>
    <ClCompile Include="cRightLeg.cpp">
      <Filter>CubeMan</Filter>
    </ClCompile>
    <ClCompile Include="cCharacter.cpp">
      <Filter>소스 파일</Filter>
    </ClCompile>
    <ClCompile Include="cCubeMan.cpp">
      <Filter>소스 파일</Filter>
    </ClCompile>
    <ClCompile Include="cLight.cpp">
      <Filter>소스 파일</Filter>
    </ClCompile>
    <ClCompile Include="cObjLoad.cpp">
      <Filter>ObjLoader</Filter>
    </ClCompile>
    <ClCompile Include="cGroup.cpp">
      <Filter>ObjLoader</Filter>
    </ClCompile>
    <ClCompile Include="cObjectManager.cpp">
      <Filter>ObjLoader</Filter>
    </ClCompile>
    <ClCompile Include="cTextureManager.cpp">
      <Filter>ObjLoader</Filter>
    </ClCompile>
    <ClCompile Include="cMtlTex.cpp">
      <Filter>ObjLoader</Filter>
    </ClCompile>
    <ClCompile Include="cObject.cpp">
      <Filter>ObjLoader</Filter>
    </ClCompile>
    <ClCompile Include="iMap.cpp">
      <Filter>Map</Filter>
    </ClCompile>
    <ClCompile Include="cObjMap.cpp">
      <Filter>Map</Filter>
    </ClCompile>
    <ClCompile Include="cAseLoader.cpp">
      <Filter>ASELoader</Filter>
    </ClCompile>
    <ClCompile Include="cFrame.cpp">
      <Filter>ASELoader</Filter>
    </ClCompile>
    <ClCompile Include="cRay.cpp">
      <Filter>Picking</Filter>
    </ClCompile>
    <ClCompile Include="cHeightMap.cpp">
      <Filter>HeightMap</Filter>
    </ClCompile>
    <ClCompile Include="cTimerManager.cpp">
      <Filter>SkinedMesh</Filter>
    </ClCompile>
    <ClCompile Include="cAllocateHierarchy.cpp">
      <Filter>SkinedMesh</Filter>
    </ClCompile>
    <ClCompile Include="cSkinnedMesh.cpp">
      <Filter>SkinedMesh</Filter>
    </ClCompile>
    <ClCompile Include="cFrustum.cpp">
      <Filter>FrusterCulling</Filter>
    </ClCompile>
    <ClCompile Include="cOBB.cpp">
      <Filter>OBB</Filter>
    </ClCompile>
    <ClCompile Include="cZealot.cpp">
      <Filter>OBB</Filter>
    </ClCompile>
    <ClCompile Include="cSkinnedMeshManager.cpp">
      <Filter>소스 파일</Filter>
    </ClCompile>
    <ClCompile Include="cMainGame.cpp">
      <Filter>UI</Filter>
    </ClCompile>
    <ClCompile Include="cFontManager.cpp">
      <Filter>소스 파일</Filter>
    </ClCompile>
    <ClCompile Include="cPopup.cpp">
      <Filter>PopUp</Filter>
    </ClCompile>
    <ClCompile Include="cButton.cpp">
      <Filter>소스 파일</Filter>
    </ClCompile>
  </ItemGroup>
  <ItemGroup>
    <ResourceCompile Include="DX3D.rc">
      <Filter>리소스 파일</Filter>
    </ResourceCompile>
  </ItemGroup>
  <ItemGroup>
    <Image Include="small.ico">
      <Filter>리소스 파일</Filter>
    </Image>
    <Image Include="DX3D.ico">
      <Filter>리소스 파일</Filter>
    </Image>
  </ItemGroup>
</Project>