<?xml version="1.0" encoding="utf-8"?>
<Project ToolsVersion="4.0" xmlns="http://schemas.microsoft.com/developer/msbuild/2003">
  <ItemGroup>
    <Filter Include="Source Files">
      <UniqueIdentifier>{4FC737F1-C7A5-4376-A066-2A32D752A2FF}</UniqueIdentifier>
      <Extensions>cpp;c;cc;cxx;def;odl;idl;hpj;bat;asm;asmx</Extensions>
    </Filter>
    <Filter Include="Header Files">
      <UniqueIdentifier>{93995380-89BD-4b04-88EB-625FBE52EBFB}</UniqueIdentifier>
      <Extensions>h;hh;hpp;hxx;hm;inl;inc;xsd</Extensions>
    </Filter>
    <Filter Include="Resource Files">
      <UniqueIdentifier>{67DA6AB6-F800-4c08-8B7A-83BB121AAD01}</UniqueIdentifier>
      <Extensions>rc;ico;cur;bmp;dlg;rc2;rct;bin;rgs;gif;jpg;jpeg;jpe;resx;tiff;tif;png;wav;mfcribbon-ms</Extensions>
    </Filter>
  </ItemGroup>
  <ItemGroup>
    <Text Include="ReadMe.txt" />
  </ItemGroup>
  <ItemGroup>
    <ClInclude Include="stdafx.h">
      <Filter>Header Files</Filter>
    </ClInclude>
    <ClInclude Include="targetver.h">
      <Filter>Header Files</Filter>
    </ClInclude>
  </ItemGroup>
  <ItemGroup>
    <ClCompile Include="stdafx.cpp">
      <Filter>Source Files</Filter>
    </ClCompile>
    <ClCompile Include="ConsolProJ02.cpp">
      <Filter>Source Files</Filter>
    </ClCompile>
    <ClCompile Include="C_492p_funccstrtok01.cpp">
      <Filter>Source Files</Filter>
    </ClCompile>
    <ClCompile Include="C_495p_unicode01.cpp">
      <Filter>Source Files</Filter>
    </ClCompile>
    <ClCompile Include="C_497p_unicode02.cpp">
      <Filter>Source Files</Filter>
    </ClCompile>
    <ClCompile Include="C_504p_funcutil03.cpp">
      <Filter>Source Files</Filter>
    </ClCompile>
    <ClCompile Include="C_506p_funcutil04.cpp">
      <Filter>Source Files</Filter>
    </ClCompile>
    <ClCompile Include="C_507_system.cpp">
      <Filter>Source Files</Filter>
    </ClCompile>
    <ClCompile Include="C_509p_funcutil06.cpp">
      <Filter>Source Files</Filter>
    </ClCompile>
    <ClCompile Include="C_math.cpp">
      <Filter>Source Files</Filter>
    </ClCompile>
    <ClCompile Include="C_exHowA-Z.cpp">
      <Filter>Source Files</Filter>
    </ClCompile>
    <ClCompile Include="C_ex_baseBall.cpp">
      <Filter>Source Files</Filter>
    </ClCompile>
    <ClCompile Include="C_ex_AlignBuffer.cpp">
      <Filter>Source Files</Filter>
    </ClCompile>
    <ClCompile Include="C_ex_AlignArray.cpp">
      <Filter>Source Files</Filter>
    </ClCompile>
    <ClCompile Include="C_481p_exIsalphaNew.cpp">
      <Filter>Source Files</Filter>
    </ClCompile>
    <ClCompile Include="C_520p_struct01.cpp">
      <Filter>Source Files</Filter>
    </ClCompile>
    <ClCompile Include="C_521p_struct02.cpp">
      <Filter>Source Files</Filter>
    </ClCompile>
    <ClCompile Include="C_522p_structddanzi01.cpp">
      <Filter>Source Files</Filter>
    </ClCompile>
    <ClCompile Include="C_524p_structddanzi02.cpp">
      <Filter>Source Files</Filter>
    </ClCompile>
    <ClCompile Include="C_ex_StructStudent10.cpp">
      <Filter>Source Files</Filter>
    </ClCompile>
    <ClCompile Include="C_530p_structddanzi03.cpp">
      <Filter>Source Files</Filter>
    </ClCompile>
    <ClCompile Include="C_530p_exChange.cpp">
      <Filter>Source Files</Filter>
    </ClCompile>
    <ClCompile Include="C_ex_inportance.cpp">
      <Filter>Source Files</Filter>
    </ClCompile>
    <ClCompile Include="C_551p_Filefopen01.cpp">
      <Filter>Source Files</Filter>
    </ClCompile>
    <ClCompile Include="C_554p_Fileprintf01.cpp">
      <Filter>Source Files</Filter>
    </ClCompile>
    <ClCompile Include="C_556p_Filefscanf01.cpp">
      <Filter>Source Files</Filter>
    </ClCompile>
    <ClCompile Include="C_557_Filefgetc01.cpp">
      <Filter>Source Files</Filter>
    </ClCompile>
    <ClCompile Include="C_559p_Filefgets01.cpp">
      <Filter>Source Files</Filter>
    </ClCompile>
    <ClCompile Include="C_566p_Filefwrite01.cpp">
      <Filter>Source Files</Filter>
    </ClCompile>
    <ClCompile Include="C_567p_Filefread01.cpp">
      <Filter>Source Files</Filter>
    </ClCompile>
    <ClCompile Include="C_571p_Filefseek01.cpp">
      <Filter>Source Files</Filter>
    </ClCompile>
    <ClCompile Include="C_ex_text9x9danFind.cpp">
      <Filter>Source Files</Filter>
    </ClCompile>
    <ClCompile Include="C_575p_ex02.cpp">
      <Filter>Source Files</Filter>
    </ClCompile>
    <ClCompile Include="C_575p_ex04.cpp">
      <Filter>Source Files</Filter>
    </ClCompile>
    <ClCompile Include="C_ex_stuFile.cpp">
      <Filter>Source Files</Filter>
    </ClCompile>
    <ClCompile Include="C_practice.cpp">
      <Filter>Source Files</Filter>
    </ClCompile>
  </ItemGroup>
</Project>